
Microsoft Visual Studio Solution File, Format Version 12.00
# Visual Studio Version 17
VisualStudioVersion = 17.5.33516.290
MinimumVisualStudioVersion = 10.0.40219.1
Project("{FAE04EC0-301F-11D3-BF4B-00C04F79EFBC}") = "Desafio", "Desafio\Desafio.csproj", "{24A03D67-D661-4BCB-86C9-758CC2BDF41A}"
EndProject
Global
	GlobalSection(SolutionConfigurationPlatforms) = preSolution
		Debug|Any CPU = Debug|Any CPU
		Release|Any CPU = Release|Any CPU
	EndGlobalSection
	GlobalSection(ProjectConfigurationPlatforms) = postSolution
		{24A03D67-D661-4BCB-86C9-758CC2BDF41A}.Debug|Any CPU.ActiveCfg = Debug|Any CPU
		{24A03D67-D661-4BCB-86C9-758CC2BDF41A}.Debug|Any CPU.Build.0 = Debug|Any CPU
		{24A03D67-D661-4BCB-86C9-758CC2BDF41A}.Release|Any CPU.ActiveCfg = Release|Any CPU
		{24A03D67-D661-4BCB-86C9-758CC2BDF41A}.Release|Any CPU.Build.0 = Release|Any CPU
	EndGlobalSection
	GlobalSection(SolutionProperties) = preSolution
		HideSolutionNode = FALSE
	EndGlobalSection
	GlobalSection(ExtensibilityGlobals) = postSolution
		SolutionGuid = {82B0DF5A-DF29-4CBD-91D0-C78529387A81}
	EndGlobalSection
EndGlobal
